
Microsoft Visual Studio Solution File, Format Version 12.00
# Visual Studio Version 17
VisualStudioVersion = 17.2.32630.192
MinimumVisualStudioVersion = 10.0.40219.1
Project("{8BC9CEB8-8B4A-11D0-8D11-00A0C91BC942}") = "LunarAimAssist", "LunarAimAssist.vcxproj", "{59F04D5F-7C85-4934-926E-F6CC0EF23F57}"
EndProject
Global
	GlobalSection(SolutionConfigurationPlatforms) = preSolution
		Debug|x64 = Debug|x64
		Debug|x86 = Debug|x86
		Release|x64 = Release|x64
		Release|x86 = Release|x86
	EndGlobalSection
	GlobalSection(ProjectConfigurationPlatforms) = postSolution
		{59F04D5F-7C85-4934-926E-F6CC0EF23F57}.Debug|x64.ActiveCfg = Debug|x64
		{59F04D5F-7C85-4934-926E-F6CC0EF23F57}.Debug|x64.Build.0 = Debug|x64
		{59F04D5F-7C85-4934-926E-F6CC0EF23F57}.Debug|x86.ActiveCfg = Debug|Win32
		{59F04D5F-7C85-4934-926E-F6CC0EF23F57}.Debug|x86.Build.0 = Debug|Win32
		{59F04D5F-7C85-4934-926E-F6CC0EF23F57}.Release|x64.ActiveCfg = Release|x64
		{59F04D5F-7C85-4934-926E-F6CC0EF23F57}.Release|x64.Build.0 = Release|x64
		{59F04D5F-7C85-4934-926E-F6CC0EF23F57}.Release|x86.ActiveCfg = Release|Win32
		{59F04D5F-7C85-4934-926E-F6CC0EF23F57}.Release|x86.Build.0 = Release|Win32
	EndGlobalSection
	GlobalSection(SolutionProperties) = preSolution
		HideSolutionNode = FALSE
	EndGlobalSection
	GlobalSection(ExtensibilityGlobals) = postSolution
		SolutionGuid = {55821E57-D313-4C61-A638-662C0DCBED39}
	EndGlobalSection
EndGlobal
